PODS:
  - Appboy-iOS-SDK (3.20.4):
    - Appboy-iOS-SDK/UI (= 3.20.4)
  - Appboy-iOS-SDK/ContentCards (3.20.4):
    - Appboy-iOS-SDK/Core
    - SDWebImage (~> 5.0)
  - Appboy-iOS-SDK/Core (3.20.4)
  - Appboy-iOS-SDK/InAppMessage (3.20.4):
    - Appboy-iOS-SDK/Core
    - SDWebImage (~> 5.0)
  - Appboy-iOS-SDK/NewsFeed (3.20.4):
    - Appboy-iOS-SDK/Core
    - SDWebImage (~> 5.0)
  - Appboy-iOS-SDK/UI (3.20.4):
    - Appboy-iOS-SDK/ContentCards
    - Appboy-iOS-SDK/Core
    - Appboy-iOS-SDK/InAppMessage
    - Appboy-iOS-SDK/NewsFeed
  - Base64 (1.1.2)
  - boost-for-react-native (1.63.0)
  - Branch (0.29.0):
    - Branch/Core (= 0.29.0)
  - Branch/Core (0.29.0)
  - CodePush (5.7.0):
    - Base64 (~> 1.1)
    - JWT (~> 3.0.0-beta.7)
    - React
    - SSZipArchive (~> 2.1)
  - Crashlytics (3.14.0):
    - Fabric (~> 1.10.2)
  - DoubleConversion (1.1.6)
  - Fabric (1.10.2)
  - FBLazyVector (0.61.4)
  - FBReactNativeSpec (0.61.4):
    - Folly (= 2018.10.22.00)
    - RCTRequired (= 0.61.4)
    - RCTTypeSafety (= 0.61.4)
    - React-Core (= 0.61.4)
    - React-jsi (= 0.61.4)
    - ReactCommon/turbomodule/core (= 0.61.4)
  - Firebase/Core (6.11.0):
    - Firebase/CoreOnly
    - FirebaseAnalytics (= 6.1.3)
  - Firebase/CoreOnly (6.11.0):
    - FirebaseCore (= 6.3.2)
  - FirebaseAnalytics (6.1.3):
    - FirebaseCore (~> 6.3)
    - FirebaseInstanceID (~> 4.2)
    - GoogleAppMeasurement (= 6.1.3)
    - GoogleUtilities/AppDelegateSwizzler (~> 6.0)
    - GoogleUtilities/MethodSwizzler (~> 6.0)
    - GoogleUtilities/Network (~> 6.0)
    - "GoogleUtilities/NSData+zlib (~> 6.0)"
    - nanopb (~> 0.3.901)
  - FirebaseCore (6.3.2):
    - FirebaseCoreDiagnostics (~> 1.0)
    - FirebaseCoreDiagnosticsInterop (~> 1.0)
    - GoogleUtilities/Environment (~> 6.2)
    - GoogleUtilities/Logger (~> 6.2)
  - FirebaseCoreDiagnostics (1.1.1):
    - FirebaseCoreDiagnosticsInterop (~> 1.0)
    - GoogleDataTransportCCTSupport (~> 1.0)
    - GoogleUtilities/Environment (~> 6.2)
    - GoogleUtilities/Logger (~> 6.2)
    - nanopb (~> 0.3.901)
  - FirebaseCoreDiagnosticsInterop (1.0.0)
  - FirebaseInstanceID (4.2.6):
    - FirebaseCore (~> 6.0)
    - GoogleUtilities/Environment (~> 6.0)
    - GoogleUtilities/UserDefaults (~> 6.0)
  - Folly (2018.10.22.00):
    - boost-for-react-native
    - DoubleConversion
    - Folly/Default (= 2018.10.22.00)
    - glog
  - Folly/Default (2018.10.22.00):
    - boost-for-react-native
    - DoubleConversion
    - glog
  - glog (0.3.5)
  - GoogleAppMeasurement (6.1.3):
    - GoogleUtilities/AppDelegateSwizzler (~> 6.0)
    - GoogleUtilities/MethodSwizzler (~> 6.0)
    - GoogleUtilities/Network (~> 6.0)
    - "GoogleUtilities/NSData+zlib (~> 6.0)"
    - nanopb (~> 0.3.901)
  - GoogleDataTransport (3.0.1)
  - GoogleDataTransportCCTSupport (1.2.1):
    - GoogleDataTransport (~> 3.0)
    - nanopb (~> 0.3.901)
  - GoogleUtilities/AppDelegateSwizzler (6.3.1):
    - GoogleUtilities/Environment
    - GoogleUtilities/Logger
    - GoogleUtilities/Network
  - GoogleUtilities/Environment (6.3.1)
  - GoogleUtilities/Logger (6.3.1):
    - GoogleUtilities/Environment
  - GoogleUtilities/MethodSwizzler (6.3.1):
    - GoogleUtilities/Logger
  - GoogleUtilities/Network (6.3.1):
    - GoogleUtilities/Logger
    - "GoogleUtilities/NSData+zlib"
    - GoogleUtilities/Reachability
  - "GoogleUtilities/NSData+zlib (6.3.1)"
  - GoogleUtilities/Reachability (6.3.1):
    - GoogleUtilities/Logger
  - GoogleUtilities/UserDefaults (6.3.1):
    - GoogleUtilities/Logger
  - JWT (3.0.0-beta.12):
    - Base64 (~> 1.1.2)
  - Mixpanel (3.4.9)
  - nanopb (0.3.9011):
    - nanopb/decode (= 0.3.9011)
    - nanopb/encode (= 0.3.9011)
  - nanopb/decode (0.3.9011)
  - nanopb/encode (0.3.9011)
  - Permission-BluetoothPeripheral (2.0.3):
    - RNPermissions
  - Permission-Calendars (2.0.3):
    - RNPermissions
  - Permission-Camera (2.0.3):
    - RNPermissions
  - Permission-Contacts (2.0.3):
    - RNPermissions
  - Permission-LocationAlways (2.0.3):
    - RNPermissions
  - Permission-LocationWhenInUse (2.0.3):
    - RNPermissions
  - Permission-MediaLibrary (2.0.3):
    - RNPermissions
  - Permission-Microphone (2.0.3):
    - RNPermissions
  - Permission-Motion (2.0.3):
    - RNPermissions
  - Permission-Notifications (2.0.3):
    - RNPermissions
  - Permission-PhotoLibrary (2.0.3):
    - RNPermissions
  - Permission-SpeechRecognition (2.0.3):
    - RNPermissions
  - QBImagePickerController (3.4.0)
  - RCTRequired (0.61.4)
  - RCTTypeSafety (0.61.4):
    - FBLazyVector (= 0.61.4)
    - Folly (= 2018.10.22.00)
    - RCTRequired (= 0.61.4)
    - React-Core (= 0.61.4)
  - React (0.61.4):
    - React-Core (= 0.61.4)
    - React-Core/DevSupport (= 0.61.4)
    - React-Core/RCTWebSocket (= 0.61.4)
    - React-RCTActionSheet (= 0.61.4)
    - React-RCTAnimation (= 0.61.4)
    - React-RCTBlob (= 0.61.4)
    - React-RCTImage (= 0.61.4)
    - React-RCTLinking (= 0.61.4)
    - React-RCTNetwork (= 0.61.4)
    - React-RCTSettings (= 0.61.4)
    - React-RCTText (= 0.61.4)
    - React-RCTVibration (= 0.61.4)
  - React-Core (0.61.4):
    - Folly (= 2018.10.22.00)
    - glog
    - React-Core/Default (= 0.61.4)
    - React-cxxreact (= 0.61.4)
    - React-jsi (= 0.61.4)
    - React-jsiexecutor (= 0.61.4)
    - Yoga
  - React-Core/CoreModulesHeaders (0.61.4):
    - Folly (= 2018.10.22.00)
    - glog
    - React-Core/Default
    - React-cxxreact (= 0.61.4)
    - React-jsi (= 0.61.4)
    - React-jsiexecutor (= 0.61.4)
    - Yoga
  - React-Core/Default (0.61.4):
    - Folly (= 2018.10.22.00)
    - glog
    - React-cxxreact (= 0.61.4)
    - React-jsi (= 0.61.4)
    - React-jsiexecutor (= 0.61.4)
    - Yoga
  - React-Core/DevSupport (0.61.4):
    - Folly (= 2018.10.22.00)
    - glog
    - React-Core/Default (= 0.61.4)
    - React-Core/RCTWebSocket (= 0.61.4)
    - React-cxxreact (= 0.61.4)
    - React-jsi (= 0.61.4)
    - React-jsiexecutor (= 0.61.4)
    - React-jsinspector (= 0.61.4)
    - Yoga
  - React-Core/RCTActionSheetHeaders (0.61.4):
    - Folly (= 2018.10.22.00)
    - glog
    - React-Core/Default
    - React-cxxreact (= 0.61.4)
    - React-jsi (= 0.61.4)
    - React-jsiexecutor (= 0.61.4)
    - Yoga
  - React-Core/RCTAnimationHeaders (0.61.4):
    - Folly (= 2018.10.22.00)
    - glog
    - React-Core/Default
    - React-cxxreact (= 0.61.4)
    - React-jsi (= 0.61.4)
    - React-jsiexecutor (= 0.61.4)
    - Yoga
  - React-Core/RCTBlobHeaders (0.61.4):
    - Folly (= 2018.10.22.00)
    - glog
    - React-Core/Default
    - React-cxxreact (= 0.61.4)
    - React-jsi (= 0.61.4)
    - React-jsiexecutor (= 0.61.4)
    - Yoga
  - React-Core/RCTImageHeaders (0.61.4):
    - Folly (= 2018.10.22.00)
    - glog
    - React-Core/Default
    - React-cxxreact (= 0.61.4)
    - React-jsi (= 0.61.4)
    - React-jsiexecutor (= 0.61.4)
    - Yoga
  - React-Core/RCTLinkingHeaders (0.61.4):
    - Folly (= 2018.10.22.00)
    - glog
    - React-Core/Default
    - React-cxxreact (= 0.61.4)
    - React-jsi (= 0.61.4)
    - React-jsiexecutor (= 0.61.4)
    - Yoga
  - React-Core/RCTNetworkHeaders (0.61.4):
    - Folly (= 2018.10.22.00)
    - glog
    - React-Core/Default
    - React-cxxreact (= 0.61.4)
    - React-jsi (= 0.61.4)
    - React-jsiexecutor (= 0.61.4)
    - Yoga
  - React-Core/RCTSettingsHeaders (0.61.4):
    - Folly (= 2018.10.22.00)
    - glog
    - React-Core/Default
    - React-cxxreact (= 0.61.4)
    - React-jsi (= 0.61.4)
    - React-jsiexecutor (= 0.61.4)
    - Yoga
  - React-Core/RCTTextHeaders (0.61.4):
    - Folly (= 2018.10.22.00)
    - glog
    - React-Core/Default
    - React-cxxreact (= 0.61.4)
    - React-jsi (= 0.61.4)
    - React-jsiexecutor (= 0.61.4)
    - Yoga
  - React-Core/RCTVibrationHeaders (0.61.4):
    - Folly (= 2018.10.22.00)
    - glog
    - React-Core/Default
    - React-cxxreact (= 0.61.4)
    - React-jsi (= 0.61.4)
    - React-jsiexecutor (= 0.61.4)
    - Yoga
  - React-Core/RCTWebSocket (0.61.4):
    - Folly (= 2018.10.22.00)
    - glog
    - React-Core/Default (= 0.61.4)
    - React-cxxreact (= 0.61.4)
    - React-jsi (= 0.61.4)
    - React-jsiexecutor (= 0.61.4)
    - Yoga
  - React-CoreModules (0.61.4):
    - FBReactNativeSpec (= 0.61.4)
    - Folly (= 2018.10.22.00)
    - RCTTypeSafety (= 0.61.4)
    - React-Core/CoreModulesHeaders (= 0.61.4)
    - React-RCTImage (= 0.61.4)
    - ReactCommon/turbomodule/core (= 0.61.4)
  - React-cxxreact (0.61.4):
    - boost-for-react-native (= 1.63.0)
    - DoubleConversion
    - Folly (= 2018.10.22.00)
    - glog
    - React-jsinspector (= 0.61.4)
  - React-jsi (0.61.4):
    - boost-for-react-native (= 1.63.0)
    - DoubleConversion
    - Folly (= 2018.10.22.00)
    - glog
    - React-jsi/Default (= 0.61.4)
  - React-jsi/Default (0.61.4):
    - boost-for-react-native (= 1.63.0)
    - DoubleConversion
    - Folly (= 2018.10.22.00)
    - glog
  - React-jsiexecutor (0.61.4):
    - DoubleConversion
    - Folly (= 2018.10.22.00)
    - glog
    - React-cxxreact (= 0.61.4)
    - React-jsi (= 0.61.4)
  - React-jsinspector (0.61.4)
  - react-native-appboy-sdk (1.17.4):
    - Appboy-iOS-SDK (~> 3.20.2)
    - React
  - react-native-branch (4.2.1):
    - Branch (= 0.29.0)
    - React
  - react-native-contacts (5.0.4):
    - React
  - react-native-mixpanel (0.0.6):
    - Mixpanel (~> 3.4.5)
    - React
  - react-native-orientation-locker (1.1.7):
    - React
  - react-native-splash-screen (3.2.0):
    - React
  - react-native-webview (7.4.3):
    - React
  - React-RCTActionSheet (0.61.4):
    - React-Core/RCTActionSheetHeaders (= 0.61.4)
  - React-RCTAnimation (0.61.4):
    - React-Core/RCTAnimationHeaders (= 0.61.4)
  - React-RCTBlob (0.61.4):
    - React-Core/RCTBlobHeaders (= 0.61.4)
    - React-Core/RCTWebSocket (= 0.61.4)
    - React-jsi (= 0.61.4)
    - React-RCTNetwork (= 0.61.4)
  - React-RCTImage (0.61.4):
    - React-Core/RCTImageHeaders (= 0.61.4)
    - React-RCTNetwork (= 0.61.4)
  - React-RCTLinking (0.61.4):
    - React-Core/RCTLinkingHeaders (= 0.61.4)
  - React-RCTNetwork (0.61.4):
    - React-Core/RCTNetworkHeaders (= 0.61.4)
  - React-RCTSettings (0.61.4):
    - React-Core/RCTSettingsHeaders (= 0.61.4)
  - React-RCTText (0.61.4):
    - React-Core/RCTTextHeaders (= 0.61.4)
  - React-RCTVibration (0.61.4):
    - React-Core/RCTVibrationHeaders (= 0.61.4)
  - ReactCommon/jscallinvoker (0.61.4):
    - DoubleConversion
    - Folly (= 2018.10.22.00)
    - glog
    - React-cxxreact (= 0.61.4)
  - ReactCommon/turbomodule/core (0.61.4):
    - DoubleConversion
    - Folly (= 2018.10.22.00)
    - glog
    - React-Core (= 0.61.4)
    - React-cxxreact (= 0.61.4)
    - React-jsi (= 0.61.4)
    - ReactCommon/jscallinvoker (= 0.61.4)
  - RNCAsyncStorage (1.6.2):
    - React
  - RNDeviceInfo (5.2.1):
    - React
  - RNGestureHandler (1.5.0):
    - React
  - RNImageCropPicker (0.26.1):
    - QBImagePickerController
    - React-Core
    - React-RCTImage
    - RSKImageCropper
  - RNInAppBrowser (3.1.0):
    - React
  - RNPermissions (2.0.3):
    - React
  - RNReanimated (1.4.0):
    - React
  - RNScreens (1.0.0-alpha.23):
    - React
  - RNShare (2.0.0):
    - React
  - RNSVG (9.13.3):
    - React
  - RNVectorIcons (6.6.0):
    - React
  - RSKImageCropper (2.2.3)
  - SDWebImage (5.2.3):
    - SDWebImage/Core (= 5.2.3)
  - SDWebImage/Core (5.2.3)
  - SSZipArchive (2.2.2)
  - Yoga (1.14.0)

DEPENDENCIES:
  - CodePush (from `../node_modules/react-native-code-push`)
  - Crashlytics
  - DoubleConversion (from `../node_modules/react-native/third-party-podspecs/DoubleConversion.podspec`)
  - Fabric
  - FBLazyVector (from `../node_modules/react-native/Libraries/FBLazyVector`)
  - FBReactNativeSpec (from `../node_modules/react-native/Libraries/FBReactNativeSpec`)
  - Firebase/Core
  - Folly (from `../node_modules/react-native/third-party-podspecs/Folly.podspec`)
  - glog (from `../node_modules/react-native/third-party-podspecs/glog.podspec`)
  - Permission-BluetoothPeripheral (from `../node_modules/react-native-permissions/ios/BluetoothPeripheral.podspec`)
  - Permission-Calendars (from `../node_modules/react-native-permissions/ios/Calendars.podspec`)
  - Permission-Camera (from `../node_modules/react-native-permissions/ios/Camera.podspec`)
  - Permission-Contacts (from `../node_modules/react-native-permissions/ios/Contacts.podspec`)
  - Permission-LocationAlways (from `../node_modules/react-native-permissions/ios/LocationAlways.podspec`)
  - Permission-LocationWhenInUse (from `../node_modules/react-native-permissions/ios/LocationWhenInUse.podspec`)
  - Permission-MediaLibrary (from `../node_modules/react-native-permissions/ios/MediaLibrary.podspec`)
  - Permission-Microphone (from `../node_modules/react-native-permissions/ios/Microphone.podspec`)
  - Permission-Motion (from `../node_modules/react-native-permissions/ios/Motion.podspec`)
  - Permission-Notifications (from `../node_modules/react-native-permissions/ios/Notifications.podspec`)
  - Permission-PhotoLibrary (from `../node_modules/react-native-permissions/ios/PhotoLibrary.podspec`)
  - Permission-SpeechRecognition (from `../node_modules/react-native-permissions/ios/SpeechRecognition.podspec`)
  - QBImagePickerController (from `../node_modules/react-native-image-crop-picker/ios/QBImagePicker/QBImagePickerController.podspec`)
  - RCTRequired (from `../node_modules/react-native/Libraries/RCTRequired`)
  - RCTTypeSafety (from `../node_modules/react-native/Libraries/TypeSafety`)
  - React (from `../node_modules/react-native/`)
  - React-Core (from `../node_modules/react-native/`)
  - React-Core/DevSupport (from `../node_modules/react-native/`)
  - React-Core/RCTWebSocket (from `../node_modules/react-native/`)
  - React-CoreModules (from `../node_modules/react-native/React/CoreModules`)
  - React-cxxreact (from `../node_modules/react-native/ReactCommon/cxxreact`)
  - React-jsi (from `../node_modules/react-native/ReactCommon/jsi`)
  - React-jsiexecutor (from `../node_modules/react-native/ReactCommon/jsiexecutor`)
  - React-jsinspector (from `../node_modules/react-native/ReactCommon/jsinspector`)
  - react-native-appboy-sdk (from `../node_modules/react-native-appboy-sdk`)
  - react-native-branch (from `../node_modules/react-native-branch`)
  - react-native-contacts (from `../node_modules/react-native-contacts`)
  - react-native-mixpanel (from `../node_modules/react-native-mixpanel`)
  - react-native-orientation-locker (from `../node_modules/react-native-orientation-locker`)
  - react-native-splash-screen (from `../node_modules/react-native-splash-screen`)
  - react-native-webview (from `../node_modules/react-native-webview`)
  - React-RCTActionSheet (from `../node_modules/react-native/Libraries/ActionSheetIOS`)
  - React-RCTAnimation (from `../node_modules/react-native/Libraries/NativeAnimation`)
  - React-RCTBlob (from `../node_modules/react-native/Libraries/Blob`)
  - React-RCTImage (from `../node_modules/react-native/Libraries/Image`)
  - React-RCTLinking (from `../node_modules/react-native/Libraries/LinkingIOS`)
  - React-RCTNetwork (from `../node_modules/react-native/Libraries/Network`)
  - React-RCTSettings (from `../node_modules/react-native/Libraries/Settings`)
  - React-RCTText (from `../node_modules/react-native/Libraries/Text`)
  - React-RCTVibration (from `../node_modules/react-native/Libraries/Vibration`)
  - ReactCommon/jscallinvoker (from `../node_modules/react-native/ReactCommon`)
  - ReactCommon/turbomodule/core (from `../node_modules/react-native/ReactCommon`)
  - "RNCAsyncStorage (from `../node_modules/@react-native-community/async-storage`)"
  - RNDeviceInfo (from `../node_modules/react-native-device-info`)
  - RNGestureHandler (from `../node_modules/react-native-gesture-handler`)
  - RNImageCropPicker (from `../node_modules/react-native-image-crop-picker`)
  - RNInAppBrowser (from `../node_modules/react-native-inappbrowser-reborn`)
  - RNPermissions (from `../node_modules/react-native-permissions`)
  - RNReanimated (from `../node_modules/react-native-reanimated`)
  - RNScreens (from `../node_modules/react-native-screens`)
  - RNShare (from `../node_modules/react-native-share`)
  - RNSVG (from `../node_modules/react-native-svg`)
  - RNVectorIcons (from `../node_modules/react-native-vector-icons`)
  - Yoga (from `../node_modules/react-native/ReactCommon/yoga`)

SPEC REPOS:
  trunk:
    - Appboy-iOS-SDK
    - Base64
    - boost-for-react-native
    - Branch
    - Crashlytics
    - Fabric
    - Firebase
    - FirebaseAnalytics
    - FirebaseCore
    - FirebaseCoreDiagnostics
    - FirebaseCoreDiagnosticsInterop
    - FirebaseInstanceID
    - GoogleAppMeasurement
    - GoogleDataTransport
    - GoogleDataTransportCCTSupport
    - GoogleUtilities
    - JWT
    - Mixpanel
    - nanopb
    - RSKImageCropper
    - SDWebImage
    - SSZipArchive

EXTERNAL SOURCES:
  CodePush:
    :path: "../node_modules/react-native-code-push"
  DoubleConversion:
    :podspec: "../node_modules/react-native/third-party-podspecs/DoubleConversion.podspec"
  FBLazyVector:
    :path: "../node_modules/react-native/Libraries/FBLazyVector"
  FBReactNativeSpec:
    :path: "../node_modules/react-native/Libraries/FBReactNativeSpec"
  Folly:
    :podspec: "../node_modules/react-native/third-party-podspecs/Folly.podspec"
  glog:
    :podspec: "../node_modules/react-native/third-party-podspecs/glog.podspec"
  Permission-BluetoothPeripheral:
    :path: "../node_modules/react-native-permissions/ios/BluetoothPeripheral.podspec"
  Permission-Calendars:
    :path: "../node_modules/react-native-permissions/ios/Calendars.podspec"
  Permission-Camera:
    :path: "../node_modules/react-native-permissions/ios/Camera.podspec"
  Permission-Contacts:
    :path: "../node_modules/react-native-permissions/ios/Contacts.podspec"
  Permission-LocationAlways:
    :path: "../node_modules/react-native-permissions/ios/LocationAlways.podspec"
  Permission-LocationWhenInUse:
    :path: "../node_modules/react-native-permissions/ios/LocationWhenInUse.podspec"
  Permission-MediaLibrary:
    :path: "../node_modules/react-native-permissions/ios/MediaLibrary.podspec"
  Permission-Microphone:
    :path: "../node_modules/react-native-permissions/ios/Microphone.podspec"
  Permission-Motion:
    :path: "../node_modules/react-native-permissions/ios/Motion.podspec"
  Permission-Notifications:
    :path: "../node_modules/react-native-permissions/ios/Notifications.podspec"
  Permission-PhotoLibrary:
    :path: "../node_modules/react-native-permissions/ios/PhotoLibrary.podspec"
  Permission-SpeechRecognition:
    :path: "../node_modules/react-native-permissions/ios/SpeechRecognition.podspec"
  QBImagePickerController:
    :path: "../node_modules/react-native-image-crop-picker/ios/QBImagePicker/QBImagePickerController.podspec"
  RCTRequired:
    :path: "../node_modules/react-native/Libraries/RCTRequired"
  RCTTypeSafety:
    :path: "../node_modules/react-native/Libraries/TypeSafety"
  React:
    :path: "../node_modules/react-native/"
  React-Core:
    :path: "../node_modules/react-native/"
  React-CoreModules:
    :path: "../node_modules/react-native/React/CoreModules"
  React-cxxreact:
    :path: "../node_modules/react-native/ReactCommon/cxxreact"
  React-jsi:
    :path: "../node_modules/react-native/ReactCommon/jsi"
  React-jsiexecutor:
    :path: "../node_modules/react-native/ReactCommon/jsiexecutor"
  React-jsinspector:
    :path: "../node_modules/react-native/ReactCommon/jsinspector"
  react-native-appboy-sdk:
    :path: "../node_modules/react-native-appboy-sdk"
  react-native-branch:
    :path: "../node_modules/react-native-branch"
  react-native-contacts:
    :path: "../node_modules/react-native-contacts"
  react-native-mixpanel:
    :path: "../node_modules/react-native-mixpanel"
  react-native-orientation-locker:
    :path: "../node_modules/react-native-orientation-locker"
  react-native-splash-screen:
    :path: "../node_modules/react-native-splash-screen"
  react-native-webview:
    :path: "../node_modules/react-native-webview"
  React-RCTActionSheet:
    :path: "../node_modules/react-native/Libraries/ActionSheetIOS"
  React-RCTAnimation:
    :path: "../node_modules/react-native/Libraries/NativeAnimation"
  React-RCTBlob:
    :path: "../node_modules/react-native/Libraries/Blob"
  React-RCTImage:
    :path: "../node_modules/react-native/Libraries/Image"
  React-RCTLinking:
    :path: "../node_modules/react-native/Libraries/LinkingIOS"
  React-RCTNetwork:
    :path: "../node_modules/react-native/Libraries/Network"
  React-RCTSettings:
    :path: "../node_modules/react-native/Libraries/Settings"
  React-RCTText:
    :path: "../node_modules/react-native/Libraries/Text"
  React-RCTVibration:
    :path: "../node_modules/react-native/Libraries/Vibration"
  ReactCommon:
    :path: "../node_modules/react-native/ReactCommon"
  RNCAsyncStorage:
    :path: "../node_modules/@react-native-community/async-storage"
  RNDeviceInfo:
    :path: "../node_modules/react-native-device-info"
  RNGestureHandler:
    :path: "../node_modules/react-native-gesture-handler"
  RNImageCropPicker:
    :path: "../node_modules/react-native-image-crop-picker"
  RNInAppBrowser:
    :path: "../node_modules/react-native-inappbrowser-reborn"
  RNPermissions:
    :path: "../node_modules/react-native-permissions"
  RNReanimated:
    :path: "../node_modules/react-native-reanimated"
  RNScreens:
    :path: "../node_modules/react-native-screens"
  RNShare:
    :path: "../node_modules/react-native-share"
  RNSVG:
    :path: "../node_modules/react-native-svg"
  RNVectorIcons:
    :path: "../node_modules/react-native-vector-icons"
  Yoga:
    :path: "../node_modules/react-native/ReactCommon/yoga"

SPEC CHECKSUMS:
  Appboy-iOS-SDK: 79e95b898fcc2e87a4f7083782b9a0200f134f61
  Base64: cecfb41a004124895a7bcee567a89bae5a89d49b
  boost-for-react-native: 39c7adb57c4e60d6c5479dd8623128eb5b3f0f2c
  Branch: 6e7421e1f3c0adebdf80008a40a74969b2603cf8
  CodePush: d2e54ad42df82a8db65b2d23d8191b950ba945e1
  Crashlytics: 540b7e5f5da5a042647227a5e3ac51d85eed06df
  DoubleConversion: 5805e889d232975c086db112ece9ed034df7a0b2
  Fabric: 706c8b8098fff96c33c0db69cbf81f9c551d0d74
  FBLazyVector: feb35a6b7f7b50f367be07f34012f34a79282fa3
  FBReactNativeSpec: 51477b84b1bf7ab6f9ef307c24e3dd675391be44
  Firebase: bc9cfc7a96c73268656d5aaab453ff1b4b530e0e
  FirebaseAnalytics: 0e3ecff2c5d86070f7d4325e21f1edabfbd558dc
  FirebaseCore: beeff42c07c30ea94702471d99db2089b594fbbd
  FirebaseCoreDiagnostics: af29e43048607588c050889d19204f4d7b758c9f
  FirebaseCoreDiagnosticsInterop: 6829da2b8d1fc795ff1bd99df751d3788035d2cb
  FirebaseInstanceID: d0eafcd8bdbd3447cd694594734078c3e3e77d8b
  Folly: 30e7936e1c45c08d884aa59369ed951a8e68cf51
  glog: 1f3da668190260b06b429bb211bfbee5cd790c28
  GoogleAppMeasurement: 434cc7be25e71dc04b8d0e3079125127b330e84a
  GoogleDataTransport: 166f9b9f82cbf60a204e8fe2daa9db3e3ec1fb15
  GoogleDataTransportCCTSupport: f6ab1962e9dc05ab1fb938b795e5b310209edeec
  GoogleUtilities: f895fde57977df4e0233edda0dbeac490e3703b6
  JWT: 9b5c05abbcc1a0e69c3c91e1655b3387fc7e581d
  Mixpanel: 5aca6e506b34650b96dc759a208513d86650fac7
  nanopb: 18003b5e52dab79db540fe93fe9579f399bd1ccd
  Permission-BluetoothPeripheral: 9de32b160ea6c6341f9797b7342b2bd9a2cc4811
  Permission-Calendars: d59b434dad45459afda8bbbe6a4d7a1aa38c28ae
  Permission-Camera: 731959b8ffb5757e1ee85893fb49c3aa021ef512
  Permission-Contacts: e5a4e0fed2dfecd10376fdeb15417dc7746cd9b2
  Permission-LocationAlways: 781e472b8235fb8b6d2e947b2e4d6cce2c0343c9
  Permission-LocationWhenInUse: 5cb8e0df1463dfab567d2a3d2589ab557fda68cb
  Permission-MediaLibrary: 63091db2ea9b81e921430faafd1f13ce318b2163
  Permission-Microphone: aa3ee97912920c0faeaf8d6dd8ef91de1449386c
  Permission-Motion: b2ea82635aae424acfd62c7fbcb6be96e010d122
  Permission-Notifications: c11ff327feb378a2e18ccffcb0af482973ed7482
  Permission-PhotoLibrary: 23a656a9694dfba3f8ae1cbc0f33c67b35db0065
  Permission-SpeechRecognition: cd4759068d72afb5573ea74088929ae599beedc5
  QBImagePickerController: d54cf93db6decf26baf6ed3472f336ef35cae022
  RCTRequired: f3b3fb6f4723e8e52facb229d0c75fdc76773849
  RCTTypeSafety: 2ec60de6abb1db050b56ecc4b60188026078fd10
  React: 10e0130b57e55a7cd8c3dee37c1261102ce295f4
  React-Core: 636212410772d05f3a1eb79d965df2962ca1c70b
  React-CoreModules: 6f70d5e41919289c582f88c9ad9923fe5c87400a
  React-cxxreact: ddecbe9157ec1743f52ea17bf8d95debc0d6e846
  React-jsi: ca921f4041505f9d5197139b2d09eeb020bb12e8
  React-jsiexecutor: 8dfb73b987afa9324e4009bdce62a18ce23d983c
  React-jsinspector: d15478d0a8ada19864aa4d1cc1c697b41b3fa92f
  react-native-appboy-sdk: 81debc0fe02bfeddfa80b534d3199baaf1bf7833
  react-native-branch: cc611a2d0e7e6c7c4cafebc8e59065b89c38002b
  react-native-contacts: 7d0b7ccd5f00df82ceca035935fc9d6e63af5aec
  react-native-mixpanel: f7ca1a4a436f1d3c19d9ca5d57aa47b848e97292
  react-native-orientation-locker: ec7d590e2a52ae4abda5b5b79ce71e50ffcd52a5
  react-native-splash-screen: 200d11d188e2e78cea3ad319964f6142b6384865
  react-native-webview: 82d6456dfae1b3ef70c3939135536342afc96373
  React-RCTActionSheet: 7369b7c85f99b6299491333affd9f01f5a130c22
  React-RCTAnimation: d07be15b2bd1d06d89417eb0343f98ffd2b099a7
  React-RCTBlob: 8e0b23d95c9baa98f6b0e127e07666aaafd96c34
  React-RCTImage: 443050d14a66e8c2332e9c055f45689d23e15cc7
  React-RCTLinking: ce9a90ba155aec41be49e75ec721bbae2d48a47e
  React-RCTNetwork: 41fe54bacc67dd00e6e4c4d30dd98a13e4beabc8
  React-RCTSettings: 45e3e0a6470310b2dab2ccc6d1d73121ba3ea936
  React-RCTText: 21934e0a51d522abcd0a275407e80af45d6fd9ec
  React-RCTVibration: 0f76400ee3cec6edb9c125da49fed279340d145a
  ReactCommon: a6a294e7028ed67b926d29551aa9394fd989c24c
  RNCAsyncStorage: 60a80e72d95bf02a01cace55d3697d9724f0d77f
  RNDeviceInfo: 086e9644cc00dbe9bcf26de2fbcb1d9f475c84d0
  RNGestureHandler: a4ddde1ffc6e590c8127b8b7eabfdade45475c74
  RNImageCropPicker: e1d8c3381e5b05a1bdcd13ea57a4f1c020a09cef
  RNInAppBrowser: 9d1ffb9db0d0cbdf03f528f1f0624b2c533b93fd
  RNPermissions: 9e437a90de84a5402ff689d4da233730b81556c2
  RNReanimated: b2ab0b693dddd2339bd2f300e770f6302d2e960c
  RNScreens: f28b48b8345f2f5f39ed6195518291515032a788
  RNShare: 8b171d4b43c1d886917fdd303bf7a4b87167b05c
  RNSVG: f6177f8d7c095fada7cfee2e4bb7388ba426064c
  RNVectorIcons: 0bb4def82230be1333ddaeee9fcba45f0b288ed4
  RSKImageCropper: a446db0e8444a036b34f3c43db01b2373baa4b2a
  SDWebImage: 46a7f73228f84ce80990c786e4372cf4db5875ce
  SSZipArchive: fa16b8cc4cdeceb698e5e5d9f67e9558532fbf23
  Yoga: ba3d99dbee6c15ea6bbe3783d1f0cb1ffb79af0f

PODFILE CHECKSUM: 9e32ad04d20a4b06472d2ceecb42d1763eec99e8

COCOAPODS: 1.8.4
